# THIS IS AN AUTOGENERATED FILE. DO NOT EDIT THIS FILE DIRECTLY.
# yarn lockfile v1


dayjs@^1.8.35:
  version "1.8.35"
  resolved "https://registry.yarnpkg.com/dayjs/-/dayjs-1.8.35.tgz#67118378f15d31623f3ee2992f5244b887606888"
  integrity sha512-isAbIEenO4ilm6f8cpqvgjZCsuerDAz2Kb7ri201AiNn58aqXuaLJEnCtfIMdCvERZHNGRY5lDMTr/jdAnKSWQ==
